
Microsoft Visual Studio Solution File, Format Version 12.00
# Visual Studio Version 17
VisualStudioVersion = 17.10.35004.147
MinimumVisualStudioVersion = 10.0.40219.1
Project("{FAE04EC0-301F-11D3-BF4B-00C04F79EFBC}") = "ChickenOrEgg", "ChickenOrEgg\ChickenOrEgg.csproj", "{138BA880-23B1-4818-B6EF-B6FE1F7F012B}"
EndProject
Global
	GlobalSection(SolutionConfigurationPlatforms) = preSolution
		Debug|Any CPU = Debug|Any CPU
		Release|Any CPU = Release|Any CPU
	EndGlobalSection
	GlobalSection(ProjectConfigurationPlatforms) = postSolution
		{138BA880-23B1-4818-B6EF-B6FE1F7F012B}.Debug|Any CPU.ActiveCfg = Debug|Any CPU
		{138BA880-23B1-4818-B6EF-B6FE1F7F012B}.Debug|Any CPU.Build.0 = Debug|Any CPU
		{138BA880-23B1-4818-B6EF-B6FE1F7F012B}.Release|Any CPU.ActiveCfg = Release|Any CPU
		{138BA880-23B1-4818-B6EF-B6FE1F7F012B}.Release|Any CPU.Build.0 = Release|Any CPU
	EndGlobalSection
	GlobalSection(SolutionProperties) = preSolution
		HideSolutionNode = FALSE
	EndGlobalSection
	GlobalSection(ExtensibilityGlobals) = postSolution
		SolutionGuid = {3D93D4CD-1FFC-44A9-8BBB-09CAE3C2EF21}
	EndGlobalSection
EndGlobal
