
Microsoft Visual Studio Solution File, Format Version 12.00
# Visual Studio Version 17
VisualStudioVersion = 17.10.35004.147
MinimumVisualStudioVersion = 10.0.40219.1
Project("{FAE04EC0-301F-11D3-BF4B-00C04F79EFBC}") = "MovieMVC", "MovieMVC.csproj", "{7F15325B-8EC4-4AA2-9E74-FAB96C971C74}"
EndProject
Project("{FAE04EC0-301F-11D3-BF4B-00C04F79EFBC}") = "MovieData", "..\MovieData\MovieData.csproj", "{6C34B4B2-3372-4DA1-ABED-2348C063D610}"
EndProject
Global
	GlobalSection(SolutionConfigurationPlatforms) = preSolution
		Debug|Any CPU = Debug|Any CPU
		Release|Any CPU = Release|Any CPU
	EndGlobalSection
	GlobalSection(ProjectConfigurationPlatforms) = postSolution
		{7F15325B-8EC4-4AA2-9E74-FAB96C971C74}.Debug|Any CPU.ActiveCfg = Debug|Any CPU
		{7F15325B-8EC4-4AA2-9E74-FAB96C971C74}.Debug|Any CPU.Build.0 = Debug|Any CPU
		{7F15325B-8EC4-4AA2-9E74-FAB96C971C74}.Release|Any CPU.ActiveCfg = Release|Any CPU
		{7F15325B-8EC4-4AA2-9E74-FAB96C971C74}.Release|Any CPU.Build.0 = Release|Any CPU
		{6C34B4B2-3372-4DA1-ABED-2348C063D610}.Debug|Any CPU.ActiveCfg = Debug|Any CPU
		{6C34B4B2-3372-4DA1-ABED-2348C063D610}.Debug|Any CPU.Build.0 = Debug|Any CPU
		{6C34B4B2-3372-4DA1-ABED-2348C063D610}.Release|Any CPU.ActiveCfg = Release|Any CPU
		{6C34B4B2-3372-4DA1-ABED-2348C063D610}.Release|Any CPU.Build.0 = Release|Any CPU
	EndGlobalSection
	GlobalSection(SolutionProperties) = preSolution
		HideSolutionNode = FALSE
	EndGlobalSection
	GlobalSection(ExtensibilityGlobals) = postSolution
		SolutionGuid = {10755D76-88E9-4CC7-9962-ED090BDA2662}
	EndGlobalSection
EndGlobal
