
Microsoft Visual Studio Solution File, Format Version 12.00
# Visual Studio Version 17
VisualStudioVersion = 17.10.35004.147
MinimumVisualStudioVersion = 10.0.40219.1
Project("{9A19103F-16F7-4668-BE54-9A1E7A4F7556}") = "InlandMarina", "InlandMarina.csproj", "{7E6794E0-2844-4441-B5FA-2CD773019408}"
EndProject
Project("{9A19103F-16F7-4668-BE54-9A1E7A4F7556}") = "InlandMarinaData", "..\InlandMarinaData\InlandMarinaData.csproj", "{43D98235-57ED-449A-B69A-AEF0D7D7DFE2}"
EndProject
Global
	GlobalSection(SolutionConfigurationPlatforms) = preSolution
		Debug|Any CPU = Debug|Any CPU
		Release|Any CPU = Release|Any CPU
	EndGlobalSection
	GlobalSection(ProjectConfigurationPlatforms) = postSolution
		{7E6794E0-2844-4441-B5FA-2CD773019408}.Debug|Any CPU.ActiveCfg = Debug|Any CPU
		{7E6794E0-2844-4441-B5FA-2CD773019408}.Debug|Any CPU.Build.0 = Debug|Any CPU
		{7E6794E0-2844-4441-B5FA-2CD773019408}.Release|Any CPU.ActiveCfg = Release|Any CPU
		{7E6794E0-2844-4441-B5FA-2CD773019408}.Release|Any CPU.Build.0 = Release|Any CPU
		{43D98235-57ED-449A-B69A-AEF0D7D7DFE2}.Debug|Any CPU.ActiveCfg = Debug|Any CPU
		{43D98235-57ED-449A-B69A-AEF0D7D7DFE2}.Debug|Any CPU.Build.0 = Debug|Any CPU
		{43D98235-57ED-449A-B69A-AEF0D7D7DFE2}.Release|Any CPU.ActiveCfg = Release|Any CPU
		{43D98235-57ED-449A-B69A-AEF0D7D7DFE2}.Release|Any CPU.Build.0 = Release|Any CPU
	EndGlobalSection
	GlobalSection(SolutionProperties) = preSolution
		HideSolutionNode = FALSE
	EndGlobalSection
	GlobalSection(ExtensibilityGlobals) = postSolution
		SolutionGuid = {7CC810AC-FA0E-46A4-9C4B-1CE295EDD3B5}
	EndGlobalSection
EndGlobal
