
Microsoft Visual Studio Solution File, Format Version 12.00
# Visual Studio Version 17
VisualStudioVersion = 17.10.35004.147
MinimumVisualStudioVersion = 10.0.40219.1
Project("{FAE04EC0-301F-11D3-BF4B-00C04F79EFBC}") = "IceCreamShop", "IceCreamShop\IceCreamShop.csproj", "{179BEAC5-D078-4E70-962B-A630F6BD5866}"
EndProject
Global
	GlobalSection(SolutionConfigurationPlatforms) = preSolution
		Debug|Any CPU = Debug|Any CPU
		Release|Any CPU = Release|Any CPU
	EndGlobalSection
	GlobalSection(ProjectConfigurationPlatforms) = postSolution
		{179BEAC5-D078-4E70-962B-A630F6BD5866}.Debug|Any CPU.ActiveCfg = Debug|Any CPU
		{179BEAC5-D078-4E70-962B-A630F6BD5866}.Debug|Any CPU.Build.0 = Debug|Any CPU
		{179BEAC5-D078-4E70-962B-A630F6BD5866}.Release|Any CPU.ActiveCfg = Release|Any CPU
		{179BEAC5-D078-4E70-962B-A630F6BD5866}.Release|Any CPU.Build.0 = Release|Any CPU
	EndGlobalSection
	GlobalSection(SolutionProperties) = preSolution
		HideSolutionNode = FALSE
	EndGlobalSection
	GlobalSection(ExtensibilityGlobals) = postSolution
		SolutionGuid = {A0C2C574-0464-4FBC-8626-99898303BE20}
	EndGlobalSection
EndGlobal
