
Microsoft Visual Studio Solution File, Format Version 12.00
# Visual Studio Version 17
VisualStudioVersion = 17.8.34330.188
MinimumVisualStudioVersion = 10.0.40219.1
Project("{FAE04EC0-301F-11D3-BF4B-00C04F79EFBC}") = "CustomerData", "CustomerData\CustomerData.csproj", "{6A896719-27CC-41F1-A830-FDA0E75B8493}"
EndProject
Project("{FAE04EC0-301F-11D3-BF4B-00C04F79EFBC}") = "CustomerMaintenanceGUI", "CustomerMaintenanceGUI\CustomerMaintenanceGUI.csproj", "{B19B08B8-B07B-4CEB-8BD1-98B1EC069D7F}"
EndProject
Global
	GlobalSection(SolutionConfigurationPlatforms) = preSolution
		Debug|Any CPU = Debug|Any CPU
		Release|Any CPU = Release|Any CPU
	EndGlobalSection
	GlobalSection(ProjectConfigurationPlatforms) = postSolution
		{6A896719-27CC-41F1-A830-FDA0E75B8493}.Debug|Any CPU.ActiveCfg = Debug|Any CPU
		{6A896719-27CC-41F1-A830-FDA0E75B8493}.Debug|Any CPU.Build.0 = Debug|Any CPU
		{6A896719-27CC-41F1-A830-FDA0E75B8493}.Release|Any CPU.ActiveCfg = Release|Any CPU
		{6A896719-27CC-41F1-A830-FDA0E75B8493}.Release|Any CPU.Build.0 = Release|Any CPU
		{B19B08B8-B07B-4CEB-8BD1-98B1EC069D7F}.Debug|Any CPU.ActiveCfg = Debug|Any CPU
		{B19B08B8-B07B-4CEB-8BD1-98B1EC069D7F}.Debug|Any CPU.Build.0 = Debug|Any CPU
		{B19B08B8-B07B-4CEB-8BD1-98B1EC069D7F}.Release|Any CPU.ActiveCfg = Release|Any CPU
		{B19B08B8-B07B-4CEB-8BD1-98B1EC069D7F}.Release|Any CPU.Build.0 = Release|Any CPU
	EndGlobalSection
	GlobalSection(SolutionProperties) = preSolution
		HideSolutionNode = FALSE
	EndGlobalSection
	GlobalSection(ExtensibilityGlobals) = postSolution
		SolutionGuid = {BAF0492F-A60E-4179-8136-96330794B05F}
	EndGlobalSection
EndGlobal
