
Microsoft Visual Studio Solution File, Format Version 12.00
# Visual Studio 15
VisualStudioVersion = 15.0.28307.136
MinimumVisualStudioVersion = 10.0.40219.1
Project("{9A19103F-16F7-4668-BE54-9A1E7A4F7556}") = "GuitarShop", "GuitarShop\GuitarShop.csproj", "{2183B2EB-5FAE-43ED-B924-9A0327B2EC97}"
EndProject
Global
	GlobalSection(SolutionConfigurationPlatforms) = preSolution
		Debug|Any CPU = Debug|Any CPU
		Release|Any CPU = Release|Any CPU
	EndGlobalSection
	GlobalSection(ProjectConfigurationPlatforms) = postSolution
		{2183B2EB-5FAE-43ED-B924-9A0327B2EC97}.Debug|Any CPU.ActiveCfg = Debug|Any CPU
		{2183B2EB-5FAE-43ED-B924-9A0327B2EC97}.Debug|Any CPU.Build.0 = Debug|Any CPU
		{2183B2EB-5FAE-43ED-B924-9A0327B2EC97}.Release|Any CPU.ActiveCfg = Release|Any CPU
		{2183B2EB-5FAE-43ED-B924-9A0327B2EC97}.Release|Any CPU.Build.0 = Release|Any CPU
	EndGlobalSection
	GlobalSection(SolutionProperties) = preSolution
		HideSolutionNode = FALSE
	EndGlobalSection
	GlobalSection(ExtensibilityGlobals) = postSolution
		SolutionGuid = {04DEA20A-2CF0-4F69-8083-0BC0F71B65C2}
	EndGlobalSection
EndGlobal
