
Microsoft Visual Studio Solution File, Format Version 12.00
# Visual Studio Version 17
VisualStudioVersion = 17.10.35004.147
MinimumVisualStudioVersion = 10.0.40219.1
Project("{FAE04EC0-301F-11D3-BF4B-00C04F79EFBC}") = "SimpleLINQ", "SimpleLINQ\SimpleLINQ.csproj", "{CCC10FBE-F719-47C0-A718-323BC6F285FA}"
EndProject
Global
	GlobalSection(SolutionConfigurationPlatforms) = preSolution
		Debug|Any CPU = Debug|Any CPU
		Release|Any CPU = Release|Any CPU
	EndGlobalSection
	GlobalSection(ProjectConfigurationPlatforms) = postSolution
		{CCC10FBE-F719-47C0-A718-323BC6F285FA}.Debug|Any CPU.ActiveCfg = Debug|Any CPU
		{CCC10FBE-F719-47C0-A718-323BC6F285FA}.Debug|Any CPU.Build.0 = Debug|Any CPU
		{CCC10FBE-F719-47C0-A718-323BC6F285FA}.Release|Any CPU.ActiveCfg = Release|Any CPU
		{CCC10FBE-F719-47C0-A718-323BC6F285FA}.Release|Any CPU.Build.0 = Release|Any CPU
	EndGlobalSection
	GlobalSection(SolutionProperties) = preSolution
		HideSolutionNode = FALSE
	EndGlobalSection
	GlobalSection(ExtensibilityGlobals) = postSolution
		SolutionGuid = {2173D966-7996-4A63-B57A-6CD528EC41C2}
	EndGlobalSection
EndGlobal
