
Microsoft Visual Studio Solution File, Format Version 12.00
# Visual Studio Version 17
VisualStudioVersion = 17.8.34330.188
MinimumVisualStudioVersion = 10.0.40219.1
Project("{FAE04EC0-301F-11D3-BF4B-00C04F79EFBC}") = "Conversions", "Conversions\Conversions.csproj", "{689A1FB8-7BF9-449E-B558-FE0F7C55B8A4}"
EndProject
Global
	GlobalSection(SolutionConfigurationPlatforms) = preSolution
		Debug|Any CPU = Debug|Any CPU
		Release|Any CPU = Release|Any CPU
	EndGlobalSection
	GlobalSection(ProjectConfigurationPlatforms) = postSolution
		{689A1FB8-7BF9-449E-B558-FE0F7C55B8A4}.Debug|Any CPU.ActiveCfg = Debug|Any CPU
		{689A1FB8-7BF9-449E-B558-FE0F7C55B8A4}.Debug|Any CPU.Build.0 = Debug|Any CPU
		{689A1FB8-7BF9-449E-B558-FE0F7C55B8A4}.Release|Any CPU.ActiveCfg = Release|Any CPU
		{689A1FB8-7BF9-449E-B558-FE0F7C55B8A4}.Release|Any CPU.Build.0 = Release|Any CPU
	EndGlobalSection
	GlobalSection(SolutionProperties) = preSolution
		HideSolutionNode = FALSE
	EndGlobalSection
	GlobalSection(ExtensibilityGlobals) = postSolution
		SolutionGuid = {69A4F3D7-CB69-4281-BF5B-8084E4B6F323}
	EndGlobalSection
EndGlobal
