
Microsoft Visual Studio Solution File, Format Version 12.00
# Visual Studio Version 17
VisualStudioVersion = 17.10.35004.147
MinimumVisualStudioVersion = 10.0.40219.1
Project("{FAE04EC0-301F-11D3-BF4B-00C04F79EFBC}") = "TextBoxEvents", "TextBoxEvents\TextBoxEvents.csproj", "{CD25486C-2B65-4D51-AF25-0DE6E9C51AB4}"
EndProject
Global
	GlobalSection(SolutionConfigurationPlatforms) = preSolution
		Debug|Any CPU = Debug|Any CPU
		Release|Any CPU = Release|Any CPU
	EndGlobalSection
	GlobalSection(ProjectConfigurationPlatforms) = postSolution
		{CD25486C-2B65-4D51-AF25-0DE6E9C51AB4}.Debug|Any CPU.ActiveCfg = Debug|Any CPU
		{CD25486C-2B65-4D51-AF25-0DE6E9C51AB4}.Debug|Any CPU.Build.0 = Debug|Any CPU
		{CD25486C-2B65-4D51-AF25-0DE6E9C51AB4}.Release|Any CPU.ActiveCfg = Release|Any CPU
		{CD25486C-2B65-4D51-AF25-0DE6E9C51AB4}.Release|Any CPU.Build.0 = Release|Any CPU
	EndGlobalSection
	GlobalSection(SolutionProperties) = preSolution
		HideSolutionNode = FALSE
	EndGlobalSection
	GlobalSection(ExtensibilityGlobals) = postSolution
		SolutionGuid = {11EE2F85-3534-464E-9989-F56C2F4F107C}
	EndGlobalSection
EndGlobal
