
Microsoft Visual Studio Solution File, Format Version 12.00
# Visual Studio Version 17
VisualStudioVersion = 17.10.35004.147
MinimumVisualStudioVersion = 10.0.40219.1
Project("{FAE04EC0-301F-11D3-BF4B-00C04F79EFBC}") = "Testing", "Testing\Testing.csproj", "{5F3BCB03-017F-42C6-95AD-72BC997E98AF}"
EndProject
Global
	GlobalSection(SolutionConfigurationPlatforms) = preSolution
		Debug|Any CPU = Debug|Any CPU
		Release|Any CPU = Release|Any CPU
	EndGlobalSection
	GlobalSection(ProjectConfigurationPlatforms) = postSolution
		{5F3BCB03-017F-42C6-95AD-72BC997E98AF}.Debug|Any CPU.ActiveCfg = Debug|Any CPU
		{5F3BCB03-017F-42C6-95AD-72BC997E98AF}.Debug|Any CPU.Build.0 = Debug|Any CPU
		{5F3BCB03-017F-42C6-95AD-72BC997E98AF}.Release|Any CPU.ActiveCfg = Release|Any CPU
		{5F3BCB03-017F-42C6-95AD-72BC997E98AF}.Release|Any CPU.Build.0 = Release|Any CPU
	EndGlobalSection
	GlobalSection(SolutionProperties) = preSolution
		HideSolutionNode = FALSE
	EndGlobalSection
	GlobalSection(ExtensibilityGlobals) = postSolution
		SolutionGuid = {B771E218-33F3-4544-88FB-35A2777C8FF3}
	EndGlobalSection
EndGlobal
