
Microsoft Visual Studio Solution File, Format Version 12.00
# Visual Studio Version 17
VisualStudioVersion = 17.10.35004.147
MinimumVisualStudioVersion = 10.0.40219.1
Project("{FAE04EC0-301F-11D3-BF4B-00C04F79EFBC}") = "testing", "testing\testing.csproj", "{BA75BD50-3516-436F-B8FB-E13EBB338C11}"
EndProject
Global
	GlobalSection(SolutionConfigurationPlatforms) = preSolution
		Debug|Any CPU = Debug|Any CPU
		Release|Any CPU = Release|Any CPU
	EndGlobalSection
	GlobalSection(ProjectConfigurationPlatforms) = postSolution
		{BA75BD50-3516-436F-B8FB-E13EBB338C11}.Debug|Any CPU.ActiveCfg = Debug|Any CPU
		{BA75BD50-3516-436F-B8FB-E13EBB338C11}.Debug|Any CPU.Build.0 = Debug|Any CPU
		{BA75BD50-3516-436F-B8FB-E13EBB338C11}.Release|Any CPU.ActiveCfg = Release|Any CPU
		{BA75BD50-3516-436F-B8FB-E13EBB338C11}.Release|Any CPU.Build.0 = Release|Any CPU
	EndGlobalSection
	GlobalSection(SolutionProperties) = preSolution
		HideSolutionNode = FALSE
	EndGlobalSection
	GlobalSection(ExtensibilityGlobals) = postSolution
		SolutionGuid = {8794D3A3-1098-4ED9-AED7-3279B0688379}
	EndGlobalSection
EndGlobal
