
Microsoft Visual Studio Solution File, Format Version 12.00
# Visual Studio Version 17
VisualStudioVersion = 17.8.34330.188
MinimumVisualStudioVersion = 10.0.40219.1
Project("{9A19103F-16F7-4668-BE54-9A1E7A4F7556}") = "BankingGUI", "BankingGUI\BankingGUI.csproj", "{F2B71B60-6E38-4204-99BD-6DBE998F9D2B}"
EndProject
Project("{9A19103F-16F7-4668-BE54-9A1E7A4F7556}") = "Banking Classes", "Banking Classes\Banking Classes.csproj", "{E830919F-7E23-4605-85B0-C3698FF17F0E}"
EndProject
Project("{FAE04EC0-301F-11D3-BF4B-00C04F79EFBC}") = "Banking ClassesTests", "Banking ClassesTests\Banking ClassesTests.csproj", "{9C6BAC43-7DA3-4935-B8D6-90AE2B57BB47}"
EndProject
Global
	GlobalSection(SolutionConfigurationPlatforms) = preSolution
		Debug|Any CPU = Debug|Any CPU
		Release|Any CPU = Release|Any CPU
	EndGlobalSection
	GlobalSection(ProjectConfigurationPlatforms) = postSolution
		{F2B71B60-6E38-4204-99BD-6DBE998F9D2B}.Debug|Any CPU.ActiveCfg = Debug|Any CPU
		{F2B71B60-6E38-4204-99BD-6DBE998F9D2B}.Debug|Any CPU.Build.0 = Debug|Any CPU
		{F2B71B60-6E38-4204-99BD-6DBE998F9D2B}.Release|Any CPU.ActiveCfg = Release|Any CPU
		{F2B71B60-6E38-4204-99BD-6DBE998F9D2B}.Release|Any CPU.Build.0 = Release|Any CPU
		{E830919F-7E23-4605-85B0-C3698FF17F0E}.Debug|Any CPU.ActiveCfg = Debug|Any CPU
		{E830919F-7E23-4605-85B0-C3698FF17F0E}.Debug|Any CPU.Build.0 = Debug|Any CPU
		{E830919F-7E23-4605-85B0-C3698FF17F0E}.Release|Any CPU.ActiveCfg = Release|Any CPU
		{E830919F-7E23-4605-85B0-C3698FF17F0E}.Release|Any CPU.Build.0 = Release|Any CPU
		{9C6BAC43-7DA3-4935-B8D6-90AE2B57BB47}.Debug|Any CPU.ActiveCfg = Debug|Any CPU
		{9C6BAC43-7DA3-4935-B8D6-90AE2B57BB47}.Debug|Any CPU.Build.0 = Debug|Any CPU
		{9C6BAC43-7DA3-4935-B8D6-90AE2B57BB47}.Release|Any CPU.ActiveCfg = Release|Any CPU
		{9C6BAC43-7DA3-4935-B8D6-90AE2B57BB47}.Release|Any CPU.Build.0 = Release|Any CPU
	EndGlobalSection
	GlobalSection(SolutionProperties) = preSolution
		HideSolutionNode = FALSE
	EndGlobalSection
	GlobalSection(ExtensibilityGlobals) = postSolution
		SolutionGuid = {E8272473-CB85-4ADC-9776-E422AE6DB37A}
	EndGlobalSection
EndGlobal
